
Microsoft Visual Studio Solution File, Format Version 12.00
Project("{FAE04EC0-301F-11D3-BF4B-00C04F79EFBC}") = "Token API", "Token API\Token API.csproj", "{20E17FA7-FD08-459E-A3C3-370196E22BD3}"
EndProject
Global
	GlobalSection(SolutionConfigurationPlatforms) = preSolution
		Debug|Any CPU = Debug|Any CPU
		Release|Any CPU = Release|Any CPU
	EndGlobalSection
	GlobalSection(ProjectConfigurationPlatforms) = postSolution
		{20E17FA7-FD08-459E-A3C3-370196E22BD3}.Debug|Any CPU.ActiveCfg = Debug|Any CPU
		{20E17FA7-FD08-459E-A3C3-370196E22BD3}.Debug|Any CPU.Build.0 = Debug|Any CPU
		{20E17FA7-FD08-459E-A3C3-370196E22BD3}.Release|Any CPU.ActiveCfg = Release|Any CPU
		{20E17FA7-FD08-459E-A3C3-370196E22BD3}.Release|Any CPU.Build.0 = Release|Any CPU
	EndGlobalSection
EndGlobal
